
Microsoft Visual Studio Solution File, Format Version 12.00
# Visual Studio Version 16
VisualStudioVersion = 16.0.30503.244
MinimumVisualStudioVersion = 10.0.40219.1
Project("{FAE04EC0-301F-11D3-BF4B-00C04F79EFBC}") = "cairoCalculator", "cairoCalculator.csproj", "{D75B7C8D-F9A0-4303-9B69-DAD9CE42CF6C}"
EndProject
Global
	GlobalSection(SolutionConfigurationPlatforms) = preSolution
		Debug|Any CPU = Debug|Any CPU
		Release|Any CPU = Release|Any CPU
	EndGlobalSection
	GlobalSection(ProjectConfigurationPlatforms) = postSolution
		{D75B7C8D-F9A0-4303-9B69-DAD9CE42CF6C}.Debug|Any CPU.ActiveCfg = Debug|Any CPU
		{D75B7C8D-F9A0-4303-9B69-DAD9CE42CF6C}.Debug|Any CPU.Build.0 = Debug|Any CPU
		{D75B7C8D-F9A0-4303-9B69-DAD9CE42CF6C}.Release|Any CPU.ActiveCfg = Release|Any CPU
		{D75B7C8D-F9A0-4303-9B69-DAD9CE42CF6C}.Release|Any CPU.Build.0 = Release|Any CPU
	EndGlobalSection
	GlobalSection(SolutionProperties) = preSolution
		HideSolutionNode = FALSE
	EndGlobalSection
	GlobalSection(ExtensibilityGlobals) = postSolution
		SolutionGuid = {D4D45D54-F3E6-43A4-9A57-2A787379A4B1}
	EndGlobalSection
EndGlobal
