
Microsoft Visual Studio Solution File, Format Version 12.00
# Visual Studio Version 16
VisualStudioVersion = 16.0.29926.136
MinimumVisualStudioVersion = 10.0.40219.1
Project("{FAE04EC0-301F-11D3-BF4B-00C04F79EFBC}") = "Cairo Desktop", "Cairo Desktop\Cairo Desktop.csproj", "{F0383E91-6ADC-4016-9E21-D3DC0FFC55FF}"
	ProjectSection(ProjectDependencies) = postProject
		{8E50FC68-8BF3-44F2-9229-708500625757} = {8E50FC68-8BF3-44F2-9229-708500625757}
		{52A795C9-3C28-487A-B7B8-AAB324DA7305} = {52A795C9-3C28-487A-B7B8-AAB324DA7305}
	EndProjectSection
EndProject
Project("{FAE04EC0-301F-11D3-BF4B-00C04F79EFBC}") = "CairoDesktop.Interop", "CairoDesktop.Interop\CairoDesktop.Interop.csproj", "{233781C8-83E4-47A6-847E-FA7A31B1CC51}"
EndProject
Project("{FAE04EC0-301F-11D3-BF4B-00C04F79EFBC}") = "CairoDesktop.AppGrabber", "CairoDesktop.AppGrabber\CairoDesktop.AppGrabber.csproj", "{DE9674CC-507E-4049-9152-5C899B9F0939}"
	ProjectSection(ProjectDependencies) = postProject
		{52A795C9-3C28-487A-B7B8-AAB324DA7305} = {52A795C9-3C28-487A-B7B8-AAB324DA7305}
	EndProjectSection
EndProject
Project("{FAE04EC0-301F-11D3-BF4B-00C04F79EFBC}") = "CairoDesktop.WindowsTray", "CairoDesktop.WindowsTray\CairoDesktop.WindowsTray.csproj", "{79B5DDAC-5102-4B11-BFA1-B16D6F6FE661}"
EndProject
Project("{FAE04EC0-301F-11D3-BF4B-00C04F79EFBC}") = "CairoDesktop.WindowsTasks", "CairoDesktop.WindowsTasks\CairoDesktop.WindowsTasks.csproj", "{5FABAD0F-D28C-4EE6-A826-77968087864E}"
EndProject
Project("{FAE04EC0-301F-11D3-BF4B-00C04F79EFBC}") = "Cairo Explorer", "Cairo Explorer\Cairo Explorer.csproj", "{68A28672-FF2F-4E6D-9FD6-B3DEE652851D}"
EndProject
Project("{FAE04EC0-301F-11D3-BF4B-00C04F79EFBC}") = "CairoDesktop.Configuration", "CairoDesktop.Configuration\CairoDesktop.Configuration.csproj", "{8E50FC68-8BF3-44F2-9229-708500625757}"
EndProject
Project("{FAE04EC0-301F-11D3-BF4B-00C04F79EFBC}") = "CairoDesktop.UWPInterop", "CairoDesktop.UWPInterop\CairoDesktop.UWPInterop.csproj", "{52A795C9-3C28-487A-B7B8-AAB324DA7305}"
EndProject
Project("{FAE04EC0-301F-11D3-BF4B-00C04F79EFBC}") = "CairoDesktop.Common", "CairoDesktop.Common\CairoDesktop.Common.csproj", "{963EB868-7672-4557-8FE9-6A1A388AA5FF}"
EndProject
Project("{FAE04EC0-301F-11D3-BF4B-00C04F79EFBC}") = "CairoDesktop.Localization", "CairoDesktop.Localization\CairoDesktop.Localization.csproj", "{9EEA28C8-3AF4-4853-A31C-46E6FBF7FBB5}"
EndProject
Project("{2150E333-8FDC-42A3-9474-1A3956D46DE8}") = "Extensions", "Extensions", "{D1FA2E7F-4635-4AAE-B5C7-81B6C44C9F02}"
EndProject
Project("{FAE04EC0-301F-11D3-BF4B-00C04F79EFBC}") = "CairoDesktop.Extensions.Places.ShellFolders", "Extensions\CairoDesktop.Extensions.Places.ShellFolders\CairoDesktop.Extensions.Places.ShellFolders.csproj", "{F210BBD4-65BF-4EDA-B087-B601A259DA7D}"
EndProject
Project("{FAE04EC0-301F-11D3-BF4B-00C04F79EFBC}") = "CairoDesktop.Extensions.SystemMenuExtras", "Extensions\CairoDesktop.Extensions.SystemMenuExtras\CairoDesktop.Extensions.SystemMenuExtras.csproj", "{08652123-2F69-4E0A-916B-67B2F6C4DE9D}"
EndProject
Project("{2150E333-8FDC-42A3-9474-1A3956D46DE8}") = "Source", "Source", "{26E388A8-20C6-46E2-964B-2DF4BB42AD60}"
EndProject
Project("{2150E333-8FDC-42A3-9474-1A3956D46DE8}") = "Test", "Test", "{3B76D43E-0699-4F7E-8FC9-20DE83A05543}"
EndProject
Project("{2150E333-8FDC-42A3-9474-1A3956D46DE8}") = "Misc", "Misc", "{F8295199-9875-47A4-BF60-6914ED134A5F}"
EndProject
Project("{9A19103F-16F7-4668-BE54-9A1E7A4F7556}") = "CairoDesktop.Application", "CairoDesktop.Application\CairoDesktop.Application.csproj", "{3FF023F4-7CE3-4171-95B7-B5AF10332658}"
EndProject
Project("{9A19103F-16F7-4668-BE54-9A1E7A4F7556}") = "CairoDesktop.Core", "CairoDesktop.Core\CairoDesktop.Core.csproj", "{03D7755E-57CB-4093-8E33-CF95BB038689}"
EndProject
Project("{FAE04EC0-301F-11D3-BF4B-00C04F79EFBC}") = "CairoDesktop.Infrastructure", "CairoDesktop.Infrastructure\CairoDesktop.Infrastructure.csproj", "{583AC66F-5B77-4EE2-ABA1-ED2CDC64B5F2}"
EndProject
Global
	GlobalSection(SolutionConfigurationPlatforms) = preSolution
		Debug|Any CPU = Debug|Any CPU
		Debug|x64 = Debug|x64
		Debug|x86 = Debug|x86
		Release|Any CPU = Release|Any CPU
		Release|x64 = Release|x64
		Release|x86 = Release|x86
	EndGlobalSection
	GlobalSection(ProjectConfigurationPlatforms) = postSolution
		{F0383E91-6ADC-4016-9E21-D3DC0FFC55FF}.Debug|Any CPU.ActiveCfg = Debug|Any CPU
		{F0383E91-6ADC-4016-9E21-D3DC0FFC55FF}.Debug|Any CPU.Build.0 = Debug|Any CPU
		{F0383E91-6ADC-4016-9E21-D3DC0FFC55FF}.Debug|x64.ActiveCfg = Debug|x64
		{F0383E91-6ADC-4016-9E21-D3DC0FFC55FF}.Debug|x64.Build.0 = Debug|x64
		{F0383E91-6ADC-4016-9E21-D3DC0FFC55FF}.Debug|x86.ActiveCfg = Debug|Any CPU
		{F0383E91-6ADC-4016-9E21-D3DC0FFC55FF}.Debug|x86.Build.0 = Debug|Any CPU
		{F0383E91-6ADC-4016-9E21-D3DC0FFC55FF}.Release|Any CPU.ActiveCfg = Release|Any CPU
		{F0383E91-6ADC-4016-9E21-D3DC0FFC55FF}.Release|Any CPU.Build.0 = Release|Any CPU
		{F0383E91-6ADC-4016-9E21-D3DC0FFC55FF}.Release|x64.ActiveCfg = Release|x64
		{F0383E91-6ADC-4016-9E21-D3DC0FFC55FF}.Release|x64.Build.0 = Release|x64
		{F0383E91-6ADC-4016-9E21-D3DC0FFC55FF}.Release|x86.ActiveCfg = Release|Any CPU
		{F0383E91-6ADC-4016-9E21-D3DC0FFC55FF}.Release|x86.Build.0 = Release|Any CPU
		{233781C8-83E4-47A6-847E-FA7A31B1CC51}.Debug|Any CPU.ActiveCfg = Debug|Any CPU
		{233781C8-83E4-47A6-847E-FA7A31B1CC51}.Debug|Any CPU.Build.0 = Debug|Any CPU
		{233781C8-83E4-47A6-847E-FA7A31B1CC51}.Debug|x64.ActiveCfg = Debug|x64
		{233781C8-83E4-47A6-847E-FA7A31B1CC51}.Debug|x64.Build.0 = Debug|x64
		{233781C8-83E4-47A6-847E-FA7A31B1CC51}.Debug|x86.ActiveCfg = Debug|Any CPU
		{233781C8-83E4-47A6-847E-FA7A31B1CC51}.Debug|x86.Build.0 = Debug|Any CPU
		{233781C8-83E4-47A6-847E-FA7A31B1CC51}.Release|Any CPU.ActiveCfg = Release|Any CPU
		{233781C8-83E4-47A6-847E-FA7A31B1CC51}.Release|Any CPU.Build.0 = Release|Any CPU
		{233781C8-83E4-47A6-847E-FA7A31B1CC51}.Release|x64.ActiveCfg = Release|x64
		{233781C8-83E4-47A6-847E-FA7A31B1CC51}.Release|x64.Build.0 = Release|x64
		{233781C8-83E4-47A6-847E-FA7A31B1CC51}.Release|x86.ActiveCfg = Release|Any CPU
		{233781C8-83E4-47A6-847E-FA7A31B1CC51}.Release|x86.Build.0 = Release|Any CPU
		{DE9674CC-507E-4049-9152-5C899B9F0939}.Debug|Any CPU.ActiveCfg = Debug|Any CPU
		{DE9674CC-507E-4049-9152-5C899B9F0939}.Debug|Any CPU.Build.0 = Debug|Any CPU
		{DE9674CC-507E-4049-9152-5C899B9F0939}.Debug|x64.ActiveCfg = Debug|x64
		{DE9674CC-507E-4049-9152-5C899B9F0939}.Debug|x64.Build.0 = Debug|x64
		{DE9674CC-507E-4049-9152-5C899B9F0939}.Debug|x86.ActiveCfg = Debug|Any CPU
		{DE9674CC-507E-4049-9152-5C899B9F0939}.Debug|x86.Build.0 = Debug|Any CPU
		{DE9674CC-507E-4049-9152-5C899B9F0939}.Release|Any CPU.ActiveCfg = Release|Any CPU
		{DE9674CC-507E-4049-9152-5C899B9F0939}.Release|Any CPU.Build.0 = Release|Any CPU
		{DE9674CC-507E-4049-9152-5C899B9F0939}.Release|x64.ActiveCfg = Release|x64
		{DE9674CC-507E-4049-9152-5C899B9F0939}.Release|x64.Build.0 = Release|x64
		{DE9674CC-507E-4049-9152-5C899B9F0939}.Release|x86.ActiveCfg = Release|Any CPU
		{DE9674CC-507E-4049-9152-5C899B9F0939}.Release|x86.Build.0 = Release|Any CPU
		{79B5DDAC-5102-4B11-BFA1-B16D6F6FE661}.Debug|Any CPU.ActiveCfg = Debug|Any CPU
		{79B5DDAC-5102-4B11-BFA1-B16D6F6FE661}.Debug|Any CPU.Build.0 = Debug|Any CPU
		{79B5DDAC-5102-4B11-BFA1-B16D6F6FE661}.Debug|x64.ActiveCfg = Debug|x64
		{79B5DDAC-5102-4B11-BFA1-B16D6F6FE661}.Debug|x64.Build.0 = Debug|x64
		{79B5DDAC-5102-4B11-BFA1-B16D6F6FE661}.Debug|x86.ActiveCfg = Debug|Any CPU
		{79B5DDAC-5102-4B11-BFA1-B16D6F6FE661}.Debug|x86.Build.0 = Debug|Any CPU
		{79B5DDAC-5102-4B11-BFA1-B16D6F6FE661}.Release|Any CPU.ActiveCfg = Release|Any CPU
		{79B5DDAC-5102-4B11-BFA1-B16D6F6FE661}.Release|Any CPU.Build.0 = Release|Any CPU
		{79B5DDAC-5102-4B11-BFA1-B16D6F6FE661}.Release|x64.ActiveCfg = Release|x64
		{79B5DDAC-5102-4B11-BFA1-B16D6F6FE661}.Release|x64.Build.0 = Release|x64
		{79B5DDAC-5102-4B11-BFA1-B16D6F6FE661}.Release|x86.ActiveCfg = Release|Any CPU
		{79B5DDAC-5102-4B11-BFA1-B16D6F6FE661}.Release|x86.Build.0 = Release|Any CPU
		{5FABAD0F-D28C-4EE6-A826-77968087864E}.Debug|Any CPU.ActiveCfg = Debug|Any CPU
		{5FABAD0F-D28C-4EE6-A826-77968087864E}.Debug|Any CPU.Build.0 = Debug|Any CPU
		{5FABAD0F-D28C-4EE6-A826-77968087864E}.Debug|x64.ActiveCfg = Debug|x64
		{5FABAD0F-D28C-4EE6-A826-77968087864E}.Debug|x64.Build.0 = Debug|x64
		{5FABAD0F-D28C-4EE6-A826-77968087864E}.Debug|x86.ActiveCfg = Debug|Any CPU
		{5FABAD0F-D28C-4EE6-A826-77968087864E}.Debug|x86.Build.0 = Debug|Any CPU
		{5FABAD0F-D28C-4EE6-A826-77968087864E}.Release|Any CPU.ActiveCfg = Release|Any CPU
		{5FABAD0F-D28C-4EE6-A826-77968087864E}.Release|Any CPU.Build.0 = Release|Any CPU
		{5FABAD0F-D28C-4EE6-A826-77968087864E}.Release|x64.ActiveCfg = Release|x64
		{5FABAD0F-D28C-4EE6-A826-77968087864E}.Release|x64.Build.0 = Release|x64
		{5FABAD0F-D28C-4EE6-A826-77968087864E}.Release|x86.ActiveCfg = Release|Any CPU
		{5FABAD0F-D28C-4EE6-A826-77968087864E}.Release|x86.Build.0 = Release|Any CPU
		{68A28672-FF2F-4E6D-9FD6-B3DEE652851D}.Debug|Any CPU.ActiveCfg = Debug|Any CPU
		{68A28672-FF2F-4E6D-9FD6-B3DEE652851D}.Debug|Any CPU.Build.0 = Debug|Any CPU
		{68A28672-FF2F-4E6D-9FD6-B3DEE652851D}.Debug|x64.ActiveCfg = Debug|x64
		{68A28672-FF2F-4E6D-9FD6-B3DEE652851D}.Debug|x86.ActiveCfg = Debug|Any CPU
		{68A28672-FF2F-4E6D-9FD6-B3DEE652851D}.Release|Any CPU.ActiveCfg = Release|Any CPU
		{68A28672-FF2F-4E6D-9FD6-B3DEE652851D}.Release|Any CPU.Build.0 = Release|Any CPU
		{68A28672-FF2F-4E6D-9FD6-B3DEE652851D}.Release|x64.ActiveCfg = Release|x64
		{68A28672-FF2F-4E6D-9FD6-B3DEE652851D}.Release|x86.ActiveCfg = Release|Any CPU
		{8E50FC68-8BF3-44F2-9229-708500625757}.Debug|Any CPU.ActiveCfg = Debug|Any CPU
		{8E50FC68-8BF3-44F2-9229-708500625757}.Debug|Any CPU.Build.0 = Debug|Any CPU
		{8E50FC68-8BF3-44F2-9229-708500625757}.Debug|x64.ActiveCfg = Debug|x64
		{8E50FC68-8BF3-44F2-9229-708500625757}.Debug|x64.Build.0 = Debug|x64
		{8E50FC68-8BF3-44F2-9229-708500625757}.Debug|x86.ActiveCfg = Debug|Any CPU
		{8E50FC68-8BF3-44F2-9229-708500625757}.Debug|x86.Build.0 = Debug|Any CPU
		{8E50FC68-8BF3-44F2-9229-708500625757}.Release|Any CPU.ActiveCfg = Release|Any CPU
		{8E50FC68-8BF3-44F2-9229-708500625757}.Release|Any CPU.Build.0 = Release|Any CPU
		{8E50FC68-8BF3-44F2-9229-708500625757}.Release|x64.ActiveCfg = Release|x64
		{8E50FC68-8BF3-44F2-9229-708500625757}.Release|x64.Build.0 = Release|x64
		{8E50FC68-8BF3-44F2-9229-708500625757}.Release|x86.ActiveCfg = Release|Any CPU
		{8E50FC68-8BF3-44F2-9229-708500625757}.Release|x86.Build.0 = Release|Any CPU
		{52A795C9-3C28-487A-B7B8-AAB324DA7305}.Debug|Any CPU.ActiveCfg = Debug|Any CPU
		{52A795C9-3C28-487A-B7B8-AAB324DA7305}.Debug|Any CPU.Build.0 = Debug|Any CPU
		{52A795C9-3C28-487A-B7B8-AAB324DA7305}.Debug|x64.ActiveCfg = Debug|x64
		{52A795C9-3C28-487A-B7B8-AAB324DA7305}.Debug|x64.Build.0 = Debug|x64
		{52A795C9-3C28-487A-B7B8-AAB324DA7305}.Debug|x86.ActiveCfg = Debug|Any CPU
		{52A795C9-3C28-487A-B7B8-AAB324DA7305}.Debug|x86.Build.0 = Debug|Any CPU
		{52A795C9-3C28-487A-B7B8-AAB324DA7305}.Release|Any CPU.ActiveCfg = Release|Any CPU
		{52A795C9-3C28-487A-B7B8-AAB324DA7305}.Release|Any CPU.Build.0 = Release|Any CPU
		{52A795C9-3C28-487A-B7B8-AAB324DA7305}.Release|x64.ActiveCfg = Release|x64
		{52A795C9-3C28-487A-B7B8-AAB324DA7305}.Release|x64.Build.0 = Release|x64
		{52A795C9-3C28-487A-B7B8-AAB324DA7305}.Release|x86.ActiveCfg = Release|Any CPU
		{52A795C9-3C28-487A-B7B8-AAB324DA7305}.Release|x86.Build.0 = Release|Any CPU
		{963EB868-7672-4557-8FE9-6A1A388AA5FF}.Debug|Any CPU.ActiveCfg = Debug|Any CPU
		{963EB868-7672-4557-8FE9-6A1A388AA5FF}.Debug|Any CPU.Build.0 = Debug|Any CPU
		{963EB868-7672-4557-8FE9-6A1A388AA5FF}.Debug|x64.ActiveCfg = Debug|x64
		{963EB868-7672-4557-8FE9-6A1A388AA5FF}.Debug|x64.Build.0 = Debug|x64
		{963EB868-7672-4557-8FE9-6A1A388AA5FF}.Debug|x86.ActiveCfg = Debug|Any CPU
		{963EB868-7672-4557-8FE9-6A1A388AA5FF}.Debug|x86.Build.0 = Debug|Any CPU
		{963EB868-7672-4557-8FE9-6A1A388AA5FF}.Release|Any CPU.ActiveCfg = Release|Any CPU
		{963EB868-7672-4557-8FE9-6A1A388AA5FF}.Release|Any CPU.Build.0 = Release|Any CPU
		{963EB868-7672-4557-8FE9-6A1A388AA5FF}.Release|x64.ActiveCfg = Release|x64
		{963EB868-7672-4557-8FE9-6A1A388AA5FF}.Release|x64.Build.0 = Release|x64
		{963EB868-7672-4557-8FE9-6A1A388AA5FF}.Release|x86.ActiveCfg = Release|Any CPU
		{963EB868-7672-4557-8FE9-6A1A388AA5FF}.Release|x86.Build.0 = Release|Any CPU
		{9EEA28C8-3AF4-4853-A31C-46E6FBF7FBB5}.Debug|Any CPU.ActiveCfg = Debug|Any CPU
		{9EEA28C8-3AF4-4853-A31C-46E6FBF7FBB5}.Debug|Any CPU.Build.0 = Debug|Any CPU
		{9EEA28C8-3AF4-4853-A31C-46E6FBF7FBB5}.Debug|x64.ActiveCfg = Debug|x64
		{9EEA28C8-3AF4-4853-A31C-46E6FBF7FBB5}.Debug|x64.Build.0 = Debug|x64
		{9EEA28C8-3AF4-4853-A31C-46E6FBF7FBB5}.Debug|x86.ActiveCfg = Debug|Any CPU
		{9EEA28C8-3AF4-4853-A31C-46E6FBF7FBB5}.Debug|x86.Build.0 = Debug|Any CPU
		{9EEA28C8-3AF4-4853-A31C-46E6FBF7FBB5}.Release|Any CPU.ActiveCfg = Release|Any CPU
		{9EEA28C8-3AF4-4853-A31C-46E6FBF7FBB5}.Release|Any CPU.Build.0 = Release|Any CPU
		{9EEA28C8-3AF4-4853-A31C-46E6FBF7FBB5}.Release|x64.ActiveCfg = Release|x64
		{9EEA28C8-3AF4-4853-A31C-46E6FBF7FBB5}.Release|x64.Build.0 = Release|x64
		{9EEA28C8-3AF4-4853-A31C-46E6FBF7FBB5}.Release|x86.ActiveCfg = Release|Any CPU
		{9EEA28C8-3AF4-4853-A31C-46E6FBF7FBB5}.Release|x86.Build.0 = Release|Any CPU
		{F210BBD4-65BF-4EDA-B087-B601A259DA7D}.Debug|Any CPU.ActiveCfg = Debug|Any CPU
		{F210BBD4-65BF-4EDA-B087-B601A259DA7D}.Debug|Any CPU.Build.0 = Debug|Any CPU
		{F210BBD4-65BF-4EDA-B087-B601A259DA7D}.Debug|x64.ActiveCfg = Debug|x64
		{F210BBD4-65BF-4EDA-B087-B601A259DA7D}.Debug|x86.ActiveCfg = Debug|Any CPU
		{F210BBD4-65BF-4EDA-B087-B601A259DA7D}.Release|Any CPU.ActiveCfg = Release|Any CPU
		{F210BBD4-65BF-4EDA-B087-B601A259DA7D}.Release|Any CPU.Build.0 = Release|Any CPU
		{F210BBD4-65BF-4EDA-B087-B601A259DA7D}.Release|x64.ActiveCfg = Release|x64
		{F210BBD4-65BF-4EDA-B087-B601A259DA7D}.Release|x86.ActiveCfg = Release|Any CPU
		{08652123-2F69-4E0A-916B-67B2F6C4DE9D}.Debug|Any CPU.ActiveCfg = Debug|Any CPU
		{08652123-2F69-4E0A-916B-67B2F6C4DE9D}.Debug|Any CPU.Build.0 = Debug|Any CPU
		{08652123-2F69-4E0A-916B-67B2F6C4DE9D}.Debug|x64.ActiveCfg = Debug|x64
		{08652123-2F69-4E0A-916B-67B2F6C4DE9D}.Debug|x86.ActiveCfg = Debug|Any CPU
		{08652123-2F69-4E0A-916B-67B2F6C4DE9D}.Release|Any CPU.ActiveCfg = Release|Any CPU
		{08652123-2F69-4E0A-916B-67B2F6C4DE9D}.Release|Any CPU.Build.0 = Release|Any CPU
		{08652123-2F69-4E0A-916B-67B2F6C4DE9D}.Release|x64.ActiveCfg = Release|x64
		{08652123-2F69-4E0A-916B-67B2F6C4DE9D}.Release|x86.ActiveCfg = Release|Any CPU
		{3FF023F4-7CE3-4171-95B7-B5AF10332658}.Debug|Any CPU.ActiveCfg = Debug|Any CPU
		{3FF023F4-7CE3-4171-95B7-B5AF10332658}.Debug|Any CPU.Build.0 = Debug|Any CPU
		{3FF023F4-7CE3-4171-95B7-B5AF10332658}.Debug|x64.ActiveCfg = Debug|Any CPU
		{3FF023F4-7CE3-4171-95B7-B5AF10332658}.Debug|x64.Build.0 = Debug|Any CPU
		{3FF023F4-7CE3-4171-95B7-B5AF10332658}.Debug|x86.ActiveCfg = Debug|Any CPU
		{3FF023F4-7CE3-4171-95B7-B5AF10332658}.Debug|x86.Build.0 = Debug|Any CPU
		{3FF023F4-7CE3-4171-95B7-B5AF10332658}.Release|Any CPU.ActiveCfg = Release|Any CPU
		{3FF023F4-7CE3-4171-95B7-B5AF10332658}.Release|Any CPU.Build.0 = Release|Any CPU
		{3FF023F4-7CE3-4171-95B7-B5AF10332658}.Release|x64.ActiveCfg = Release|Any CPU
		{3FF023F4-7CE3-4171-95B7-B5AF10332658}.Release|x64.Build.0 = Release|Any CPU
		{3FF023F4-7CE3-4171-95B7-B5AF10332658}.Release|x86.ActiveCfg = Release|Any CPU
		{3FF023F4-7CE3-4171-95B7-B5AF10332658}.Release|x86.Build.0 = Release|Any CPU
		{03D7755E-57CB-4093-8E33-CF95BB038689}.Debug|Any CPU.ActiveCfg = Debug|Any CPU
		{03D7755E-57CB-4093-8E33-CF95BB038689}.Debug|Any CPU.Build.0 = Debug|Any CPU
		{03D7755E-57CB-4093-8E33-CF95BB038689}.Debug|x64.ActiveCfg = Debug|Any CPU
		{03D7755E-57CB-4093-8E33-CF95BB038689}.Debug|x64.Build.0 = Debug|Any CPU
		{03D7755E-57CB-4093-8E33-CF95BB038689}.Debug|x86.ActiveCfg = Debug|Any CPU
		{03D7755E-57CB-4093-8E33-CF95BB038689}.Debug|x86.Build.0 = Debug|Any CPU
		{03D7755E-57CB-4093-8E33-CF95BB038689}.Release|Any CPU.ActiveCfg = Release|Any CPU
		{03D7755E-57CB-4093-8E33-CF95BB038689}.Release|Any CPU.Build.0 = Release|Any CPU
		{03D7755E-57CB-4093-8E33-CF95BB038689}.Release|x64.ActiveCfg = Release|Any CPU
		{03D7755E-57CB-4093-8E33-CF95BB038689}.Release|x64.Build.0 = Release|Any CPU
		{03D7755E-57CB-4093-8E33-CF95BB038689}.Release|x86.ActiveCfg = Release|Any CPU
		{03D7755E-57CB-4093-8E33-CF95BB038689}.Release|x86.Build.0 = Release|Any CPU
		{583AC66F-5B77-4EE2-ABA1-ED2CDC64B5F2}.Debug|Any CPU.ActiveCfg = Debug|Any CPU
		{583AC66F-5B77-4EE2-ABA1-ED2CDC64B5F2}.Debug|Any CPU.Build.0 = Debug|Any CPU
		{583AC66F-5B77-4EE2-ABA1-ED2CDC64B5F2}.Debug|x64.ActiveCfg = Debug|Any CPU
		{583AC66F-5B77-4EE2-ABA1-ED2CDC64B5F2}.Debug|x64.Build.0 = Debug|Any CPU
		{583AC66F-5B77-4EE2-ABA1-ED2CDC64B5F2}.Debug|x86.ActiveCfg = Debug|Any CPU
		{583AC66F-5B77-4EE2-ABA1-ED2CDC64B5F2}.Debug|x86.Build.0 = Debug|Any CPU
		{583AC66F-5B77-4EE2-ABA1-ED2CDC64B5F2}.Release|Any CPU.ActiveCfg = Release|Any CPU
		{583AC66F-5B77-4EE2-ABA1-ED2CDC64B5F2}.Release|Any CPU.Build.0 = Release|Any CPU
		{583AC66F-5B77-4EE2-ABA1-ED2CDC64B5F2}.Release|x64.ActiveCfg = Release|Any CPU
		{583AC66F-5B77-4EE2-ABA1-ED2CDC64B5F2}.Release|x64.Build.0 = Release|Any CPU
		{583AC66F-5B77-4EE2-ABA1-ED2CDC64B5F2}.Release|x86.ActiveCfg = Release|Any CPU
		{583AC66F-5B77-4EE2-ABA1-ED2CDC64B5F2}.Release|x86.Build.0 = Release|Any CPU
	EndGlobalSection
	GlobalSection(SolutionProperties) = preSolution
		HideSolutionNode = FALSE
	EndGlobalSection
	GlobalSection(NestedProjects) = preSolution
		{F0383E91-6ADC-4016-9E21-D3DC0FFC55FF} = {26E388A8-20C6-46E2-964B-2DF4BB42AD60}
		{233781C8-83E4-47A6-847E-FA7A31B1CC51} = {26E388A8-20C6-46E2-964B-2DF4BB42AD60}
		{DE9674CC-507E-4049-9152-5C899B9F0939} = {26E388A8-20C6-46E2-964B-2DF4BB42AD60}
		{79B5DDAC-5102-4B11-BFA1-B16D6F6FE661} = {26E388A8-20C6-46E2-964B-2DF4BB42AD60}
		{5FABAD0F-D28C-4EE6-A826-77968087864E} = {26E388A8-20C6-46E2-964B-2DF4BB42AD60}
		{68A28672-FF2F-4E6D-9FD6-B3DEE652851D} = {F8295199-9875-47A4-BF60-6914ED134A5F}
		{8E50FC68-8BF3-44F2-9229-708500625757} = {26E388A8-20C6-46E2-964B-2DF4BB42AD60}
		{52A795C9-3C28-487A-B7B8-AAB324DA7305} = {26E388A8-20C6-46E2-964B-2DF4BB42AD60}
		{963EB868-7672-4557-8FE9-6A1A388AA5FF} = {26E388A8-20C6-46E2-964B-2DF4BB42AD60}
		{9EEA28C8-3AF4-4853-A31C-46E6FBF7FBB5} = {26E388A8-20C6-46E2-964B-2DF4BB42AD60}
		{F210BBD4-65BF-4EDA-B087-B601A259DA7D} = {D1FA2E7F-4635-4AAE-B5C7-81B6C44C9F02}
		{08652123-2F69-4E0A-916B-67B2F6C4DE9D} = {D1FA2E7F-4635-4AAE-B5C7-81B6C44C9F02}
		{3FF023F4-7CE3-4171-95B7-B5AF10332658} = {26E388A8-20C6-46E2-964B-2DF4BB42AD60}
		{03D7755E-57CB-4093-8E33-CF95BB038689} = {26E388A8-20C6-46E2-964B-2DF4BB42AD60}
		{583AC66F-5B77-4EE2-ABA1-ED2CDC64B5F2} = {26E388A8-20C6-46E2-964B-2DF4BB42AD60}
	EndGlobalSection
	GlobalSection(ExtensibilityGlobals) = postSolution
		SolutionGuid = {7566EAA4-435C-4795-BB55-54BA364D0419}
	EndGlobalSection
EndGlobal
