
Microsoft Visual Studio Solution File, Format Version 12.00
# Visual Studio 15
VisualStudioVersion = 15.0.27130.2026
MinimumVisualStudioVersion = 10.0.40219.1
Project("{FAE04EC0-301F-11D3-BF4B-00C04F79EFBC}") = "Cairo Desktop", "Cairo Desktop\Cairo Desktop.csproj", "{F0383E91-6ADC-4016-9E21-D3DC0FFC55FF}"
	ProjectSection(ProjectDependencies) = postProject
		{8E50FC68-8BF3-44F2-9229-708500625757} = {8E50FC68-8BF3-44F2-9229-708500625757}
		{0F1F5673-02B2-4E89-A61D-90F56D368C3F} = {0F1F5673-02B2-4E89-A61D-90F56D368C3F}
		{52A795C9-3C28-487A-B7B8-AAB324DA7305} = {52A795C9-3C28-487A-B7B8-AAB324DA7305}
	EndProjectSection
EndProject
Project("{FAE04EC0-301F-11D3-BF4B-00C04F79EFBC}") = "CairoDesktop.Interop", "CairoDesktop.Interop\CairoDesktop.Interop.csproj", "{233781C8-83E4-47A6-847E-FA7A31B1CC51}"
EndProject
Project("{FAE04EC0-301F-11D3-BF4B-00C04F79EFBC}") = "CairoDesktop.AppGrabber", "CairoDesktop.AppGrabber\CairoDesktop.AppGrabber.csproj", "{DE9674CC-507E-4049-9152-5C899B9F0939}"
	ProjectSection(ProjectDependencies) = postProject
		{52A795C9-3C28-487A-B7B8-AAB324DA7305} = {52A795C9-3C28-487A-B7B8-AAB324DA7305}
	EndProjectSection
EndProject
Project("{FAE04EC0-301F-11D3-BF4B-00C04F79EFBC}") = "CairoDesktop.WindowsTray", "CairoDesktop.WindowsTray\CairoDesktop.WindowsTray.csproj", "{79B5DDAC-5102-4B11-BFA1-B16D6F6FE661}"
EndProject
Project("{FAE04EC0-301F-11D3-BF4B-00C04F79EFBC}") = "CairoDesktop.WindowsTasks", "CairoDesktop.WindowsTasks\CairoDesktop.WindowsTasks.csproj", "{5FABAD0F-D28C-4EE6-A826-77968087864E}"
EndProject
Project("{FAE04EC0-301F-11D3-BF4B-00C04F79EFBC}") = "Cairo Explorer", "Cairo Explorer\Cairo Explorer.csproj", "{68A28672-FF2F-4E6D-9FD6-B3DEE652851D}"
EndProject
Project("{8BC9CEB8-8B4A-11D0-8D11-00A0C91BC942}") = "CairoDesktop.WindowsTrayHooks", "..\Dependencies\CairoDesktop.WindowsTrayHooks\CairoDesktop.WindowsTrayHooks.vcxproj", "{0F1F5673-02B2-4E89-A61D-90F56D368C3F}"
EndProject
Project("{FAE04EC0-301F-11D3-BF4B-00C04F79EFBC}") = "CairoDesktop.Configuration", "CairoDesktop.Configuration\CairoDesktop.Configuration.csproj", "{8E50FC68-8BF3-44F2-9229-708500625757}"
EndProject
Project("{FAE04EC0-301F-11D3-BF4B-00C04F79EFBC}") = "CairoDesktop.UWPInterop", "CairoDesktop.UWPInterop\CairoDesktop.UWPInterop.csproj", "{52A795C9-3C28-487A-B7B8-AAB324DA7305}"
EndProject
Project("{FAE04EC0-301F-11D3-BF4B-00C04F79EFBC}") = "CairoDesktop.Common", "CairoDesktop.Common\CairoDesktop.Common.csproj", "{963EB868-7672-4557-8FE9-6A1A388AA5FF}"
EndProject
Project("{FAE04EC0-301F-11D3-BF4B-00C04F79EFBC}") = "CairoDesktop.Localization", "CairoDesktop.Localization\CairoDesktop.Localization.csproj", "{9EEA28C8-3AF4-4853-A31C-46E6FBF7FBB5}"
EndProject
Project("{FAE04EC0-301F-11D3-BF4B-00C04F79EFBC}") = "CairoDesktop.Extensibility", "CairoDesktop.Extensibility\CairoDesktop.Extensibility.csproj", "{015A0EA4-B61A-4A16-A71F-DFA1DF4AB17C}"
EndProject
Project("{2150E333-8FDC-42A3-9474-1A3956D46DE8}") = "Plugins", "Plugins", "{9AE12052-2D12-456D-AFD3-9CE77E4DC6A7}"
EndProject
Project("{2150E333-8FDC-42A3-9474-1A3956D46DE8}") = "Extensions", "Extensions", "{D1FA2E7F-4635-4AAE-B5C7-81B6C44C9F02}"
EndProject
Project("{FAE04EC0-301F-11D3-BF4B-00C04F79EFBC}") = "CairoDesktop.Extensions.Places.ShellFolders", "Extensions\CairoDesktop.Extensions.Places.ShellFolders\CairoDesktop.Extensions.Places.ShellFolders.csproj", "{F210BBD4-65BF-4EDA-B087-B601A259DA7D}"
EndProject
Project("{FAE04EC0-301F-11D3-BF4B-00C04F79EFBC}") = "CairoDesktop.Plugins.ShellExtensionSupport", "Plugins\CairoDesktop.Plugins.ShellExtensionService\CairoDesktop.Plugins.ShellExtensionSupport.csproj", "{2825E205-7588-482F-8C84-7D1A3A33E58A}"
EndProject
Project("{FAE04EC0-301F-11D3-BF4B-00C04F79EFBC}") = "CairoDesktop.Extensions.ConsoleOutput", "Extensions\CairoDesktop.Extensions.ConsoleOutput\CairoDesktop.Extensions.ConsoleOutput.csproj", "{D515AC48-7613-445E-A192-D79A1CA638FE}"
EndProject
Project("{FAE04EC0-301F-11D3-BF4B-00C04F79EFBC}") = "CairoDesktop.Plugins.CairoShellCoreServices", "Plugins\CairoDesktop.Plugins.CairoShellCoreServices\CairoDesktop.Plugins.CairoShellCoreServices.csproj", "{D744C35D-F35E-4F84-9C61-5703BD2A48FC}"
EndProject
Global
	GlobalSection(SolutionConfigurationPlatforms) = preSolution
		Debug|x64 = Debug|x64
		Debug|x86 = Debug|x86
		Release|x64 = Release|x64
		Release|x86 = Release|x86
	EndGlobalSection
	GlobalSection(ProjectConfigurationPlatforms) = postSolution
		{F0383E91-6ADC-4016-9E21-D3DC0FFC55FF}.Debug|x64.ActiveCfg = Debug|x64
		{F0383E91-6ADC-4016-9E21-D3DC0FFC55FF}.Debug|x64.Build.0 = Debug|x64
		{F0383E91-6ADC-4016-9E21-D3DC0FFC55FF}.Debug|x86.ActiveCfg = Debug|Any CPU
		{F0383E91-6ADC-4016-9E21-D3DC0FFC55FF}.Debug|x86.Build.0 = Debug|Any CPU
		{F0383E91-6ADC-4016-9E21-D3DC0FFC55FF}.Release|x64.ActiveCfg = Release|x64
		{F0383E91-6ADC-4016-9E21-D3DC0FFC55FF}.Release|x64.Build.0 = Release|x64
		{F0383E91-6ADC-4016-9E21-D3DC0FFC55FF}.Release|x86.ActiveCfg = Release|Any CPU
		{F0383E91-6ADC-4016-9E21-D3DC0FFC55FF}.Release|x86.Build.0 = Release|Any CPU
		{233781C8-83E4-47A6-847E-FA7A31B1CC51}.Debug|x64.ActiveCfg = Debug|x64
		{233781C8-83E4-47A6-847E-FA7A31B1CC51}.Debug|x64.Build.0 = Debug|x64
		{233781C8-83E4-47A6-847E-FA7A31B1CC51}.Debug|x86.ActiveCfg = Debug|Any CPU
		{233781C8-83E4-47A6-847E-FA7A31B1CC51}.Debug|x86.Build.0 = Debug|Any CPU
		{233781C8-83E4-47A6-847E-FA7A31B1CC51}.Release|x64.ActiveCfg = Release|x64
		{233781C8-83E4-47A6-847E-FA7A31B1CC51}.Release|x64.Build.0 = Release|x64
		{233781C8-83E4-47A6-847E-FA7A31B1CC51}.Release|x86.ActiveCfg = Release|Any CPU
		{233781C8-83E4-47A6-847E-FA7A31B1CC51}.Release|x86.Build.0 = Release|Any CPU
		{DE9674CC-507E-4049-9152-5C899B9F0939}.Debug|x64.ActiveCfg = Debug|x64
		{DE9674CC-507E-4049-9152-5C899B9F0939}.Debug|x64.Build.0 = Debug|x64
		{DE9674CC-507E-4049-9152-5C899B9F0939}.Debug|x86.ActiveCfg = Debug|Any CPU
		{DE9674CC-507E-4049-9152-5C899B9F0939}.Debug|x86.Build.0 = Debug|Any CPU
		{DE9674CC-507E-4049-9152-5C899B9F0939}.Release|x64.ActiveCfg = Release|x64
		{DE9674CC-507E-4049-9152-5C899B9F0939}.Release|x64.Build.0 = Release|x64
		{DE9674CC-507E-4049-9152-5C899B9F0939}.Release|x86.ActiveCfg = Release|Any CPU
		{DE9674CC-507E-4049-9152-5C899B9F0939}.Release|x86.Build.0 = Release|Any CPU
		{79B5DDAC-5102-4B11-BFA1-B16D6F6FE661}.Debug|x64.ActiveCfg = Debug|x64
		{79B5DDAC-5102-4B11-BFA1-B16D6F6FE661}.Debug|x64.Build.0 = Debug|x64
		{79B5DDAC-5102-4B11-BFA1-B16D6F6FE661}.Debug|x86.ActiveCfg = Debug|Any CPU
		{79B5DDAC-5102-4B11-BFA1-B16D6F6FE661}.Debug|x86.Build.0 = Debug|Any CPU
		{79B5DDAC-5102-4B11-BFA1-B16D6F6FE661}.Release|x64.ActiveCfg = Release|x64
		{79B5DDAC-5102-4B11-BFA1-B16D6F6FE661}.Release|x64.Build.0 = Release|x64
		{79B5DDAC-5102-4B11-BFA1-B16D6F6FE661}.Release|x86.ActiveCfg = Release|Any CPU
		{79B5DDAC-5102-4B11-BFA1-B16D6F6FE661}.Release|x86.Build.0 = Release|Any CPU
		{5FABAD0F-D28C-4EE6-A826-77968087864E}.Debug|x64.ActiveCfg = Debug|x64
		{5FABAD0F-D28C-4EE6-A826-77968087864E}.Debug|x64.Build.0 = Debug|x64
		{5FABAD0F-D28C-4EE6-A826-77968087864E}.Debug|x86.ActiveCfg = Debug|Any CPU
		{5FABAD0F-D28C-4EE6-A826-77968087864E}.Debug|x86.Build.0 = Debug|Any CPU
		{5FABAD0F-D28C-4EE6-A826-77968087864E}.Release|x64.ActiveCfg = Release|x64
		{5FABAD0F-D28C-4EE6-A826-77968087864E}.Release|x64.Build.0 = Release|x64
		{5FABAD0F-D28C-4EE6-A826-77968087864E}.Release|x86.ActiveCfg = Release|Any CPU
		{5FABAD0F-D28C-4EE6-A826-77968087864E}.Release|x86.Build.0 = Release|Any CPU
		{68A28672-FF2F-4E6D-9FD6-B3DEE652851D}.Debug|x64.ActiveCfg = Debug|x64
		{68A28672-FF2F-4E6D-9FD6-B3DEE652851D}.Debug|x86.ActiveCfg = Debug|Any CPU
		{68A28672-FF2F-4E6D-9FD6-B3DEE652851D}.Release|x64.ActiveCfg = Release|x64
		{68A28672-FF2F-4E6D-9FD6-B3DEE652851D}.Release|x86.ActiveCfg = Release|Any CPU
		{0F1F5673-02B2-4E89-A61D-90F56D368C3F}.Debug|x64.ActiveCfg = Debug|x64
		{0F1F5673-02B2-4E89-A61D-90F56D368C3F}.Debug|x64.Build.0 = Debug|x64
		{0F1F5673-02B2-4E89-A61D-90F56D368C3F}.Debug|x86.ActiveCfg = Debug|Win32
		{0F1F5673-02B2-4E89-A61D-90F56D368C3F}.Debug|x86.Build.0 = Debug|Win32
		{0F1F5673-02B2-4E89-A61D-90F56D368C3F}.Release|x64.ActiveCfg = Release|x64
		{0F1F5673-02B2-4E89-A61D-90F56D368C3F}.Release|x64.Build.0 = Release|x64
		{0F1F5673-02B2-4E89-A61D-90F56D368C3F}.Release|x86.ActiveCfg = Release|Win32
		{0F1F5673-02B2-4E89-A61D-90F56D368C3F}.Release|x86.Build.0 = Release|Win32
		{8E50FC68-8BF3-44F2-9229-708500625757}.Debug|x64.ActiveCfg = Debug|x64
		{8E50FC68-8BF3-44F2-9229-708500625757}.Debug|x64.Build.0 = Debug|x64
		{8E50FC68-8BF3-44F2-9229-708500625757}.Debug|x86.ActiveCfg = Debug|Any CPU
		{8E50FC68-8BF3-44F2-9229-708500625757}.Debug|x86.Build.0 = Debug|Any CPU
		{8E50FC68-8BF3-44F2-9229-708500625757}.Release|x64.ActiveCfg = Release|x64
		{8E50FC68-8BF3-44F2-9229-708500625757}.Release|x64.Build.0 = Release|x64
		{8E50FC68-8BF3-44F2-9229-708500625757}.Release|x86.ActiveCfg = Release|Any CPU
		{8E50FC68-8BF3-44F2-9229-708500625757}.Release|x86.Build.0 = Release|Any CPU
		{52A795C9-3C28-487A-B7B8-AAB324DA7305}.Debug|x64.ActiveCfg = Debug|x64
		{52A795C9-3C28-487A-B7B8-AAB324DA7305}.Debug|x64.Build.0 = Debug|x64
		{52A795C9-3C28-487A-B7B8-AAB324DA7305}.Debug|x86.ActiveCfg = Debug|Any CPU
		{52A795C9-3C28-487A-B7B8-AAB324DA7305}.Debug|x86.Build.0 = Debug|Any CPU
		{52A795C9-3C28-487A-B7B8-AAB324DA7305}.Release|x64.ActiveCfg = Release|x64
		{52A795C9-3C28-487A-B7B8-AAB324DA7305}.Release|x64.Build.0 = Release|x64
		{52A795C9-3C28-487A-B7B8-AAB324DA7305}.Release|x86.ActiveCfg = Release|Any CPU
		{52A795C9-3C28-487A-B7B8-AAB324DA7305}.Release|x86.Build.0 = Release|Any CPU
		{963EB868-7672-4557-8FE9-6A1A388AA5FF}.Debug|x64.ActiveCfg = Debug|x64
		{963EB868-7672-4557-8FE9-6A1A388AA5FF}.Debug|x64.Build.0 = Debug|x64
		{963EB868-7672-4557-8FE9-6A1A388AA5FF}.Debug|x86.ActiveCfg = Debug|Any CPU
		{963EB868-7672-4557-8FE9-6A1A388AA5FF}.Debug|x86.Build.0 = Debug|Any CPU
		{963EB868-7672-4557-8FE9-6A1A388AA5FF}.Release|x64.ActiveCfg = Release|x64
		{963EB868-7672-4557-8FE9-6A1A388AA5FF}.Release|x64.Build.0 = Release|x64
		{963EB868-7672-4557-8FE9-6A1A388AA5FF}.Release|x86.ActiveCfg = Release|Any CPU
		{963EB868-7672-4557-8FE9-6A1A388AA5FF}.Release|x86.Build.0 = Release|Any CPU
		{9EEA28C8-3AF4-4853-A31C-46E6FBF7FBB5}.Debug|x64.ActiveCfg = Debug|x64
		{9EEA28C8-3AF4-4853-A31C-46E6FBF7FBB5}.Debug|x64.Build.0 = Debug|x64
		{9EEA28C8-3AF4-4853-A31C-46E6FBF7FBB5}.Debug|x86.ActiveCfg = Debug|Any CPU
		{9EEA28C8-3AF4-4853-A31C-46E6FBF7FBB5}.Debug|x86.Build.0 = Debug|Any CPU
		{9EEA28C8-3AF4-4853-A31C-46E6FBF7FBB5}.Release|x64.ActiveCfg = Release|x64
		{9EEA28C8-3AF4-4853-A31C-46E6FBF7FBB5}.Release|x64.Build.0 = Release|x64
		{9EEA28C8-3AF4-4853-A31C-46E6FBF7FBB5}.Release|x86.ActiveCfg = Release|Any CPU
		{9EEA28C8-3AF4-4853-A31C-46E6FBF7FBB5}.Release|x86.Build.0 = Release|Any CPU
		{015A0EA4-B61A-4A16-A71F-DFA1DF4AB17C}.Debug|x64.ActiveCfg = Debug|x64
		{015A0EA4-B61A-4A16-A71F-DFA1DF4AB17C}.Debug|x64.Build.0 = Debug|x64
		{015A0EA4-B61A-4A16-A71F-DFA1DF4AB17C}.Debug|x86.ActiveCfg = Debug|Any CPU
		{015A0EA4-B61A-4A16-A71F-DFA1DF4AB17C}.Debug|x86.Build.0 = Debug|Any CPU
		{015A0EA4-B61A-4A16-A71F-DFA1DF4AB17C}.Release|x64.ActiveCfg = Release|x64
		{015A0EA4-B61A-4A16-A71F-DFA1DF4AB17C}.Release|x64.Build.0 = Release|x64
		{015A0EA4-B61A-4A16-A71F-DFA1DF4AB17C}.Release|x86.ActiveCfg = Release|Any CPU
		{015A0EA4-B61A-4A16-A71F-DFA1DF4AB17C}.Release|x86.Build.0 = Release|Any CPU
		{F210BBD4-65BF-4EDA-B087-B601A259DA7D}.Debug|x64.ActiveCfg = Debug|x64
		{F210BBD4-65BF-4EDA-B087-B601A259DA7D}.Debug|x64.Build.0 = Debug|x64
		{F210BBD4-65BF-4EDA-B087-B601A259DA7D}.Debug|x86.ActiveCfg = Debug|Any CPU
		{F210BBD4-65BF-4EDA-B087-B601A259DA7D}.Debug|x86.Build.0 = Debug|Any CPU
		{F210BBD4-65BF-4EDA-B087-B601A259DA7D}.Release|x64.ActiveCfg = Release|x64
		{F210BBD4-65BF-4EDA-B087-B601A259DA7D}.Release|x64.Build.0 = Release|x64
		{F210BBD4-65BF-4EDA-B087-B601A259DA7D}.Release|x86.ActiveCfg = Release|Any CPU
		{F210BBD4-65BF-4EDA-B087-B601A259DA7D}.Release|x86.Build.0 = Release|Any CPU
		{2825E205-7588-482F-8C84-7D1A3A33E58A}.Debug|x64.ActiveCfg = Debug|x64
		{2825E205-7588-482F-8C84-7D1A3A33E58A}.Debug|x64.Build.0 = Debug|x64
		{2825E205-7588-482F-8C84-7D1A3A33E58A}.Debug|x86.ActiveCfg = Debug|Any CPU
		{2825E205-7588-482F-8C84-7D1A3A33E58A}.Debug|x86.Build.0 = Debug|Any CPU
		{2825E205-7588-482F-8C84-7D1A3A33E58A}.Release|x64.ActiveCfg = Release|x64
		{2825E205-7588-482F-8C84-7D1A3A33E58A}.Release|x64.Build.0 = Release|x64
		{2825E205-7588-482F-8C84-7D1A3A33E58A}.Release|x86.ActiveCfg = Release|Any CPU
		{2825E205-7588-482F-8C84-7D1A3A33E58A}.Release|x86.Build.0 = Release|Any CPU
		{D515AC48-7613-445E-A192-D79A1CA638FE}.Debug|x64.ActiveCfg = Debug|x64
		{D515AC48-7613-445E-A192-D79A1CA638FE}.Debug|x64.Build.0 = Debug|x64
		{D515AC48-7613-445E-A192-D79A1CA638FE}.Debug|x86.ActiveCfg = Debug|Any CPU
		{D515AC48-7613-445E-A192-D79A1CA638FE}.Debug|x86.Build.0 = Debug|Any CPU
		{D515AC48-7613-445E-A192-D79A1CA638FE}.Release|x64.ActiveCfg = Release|x64
		{D515AC48-7613-445E-A192-D79A1CA638FE}.Release|x64.Build.0 = Release|x64
		{D515AC48-7613-445E-A192-D79A1CA638FE}.Release|x86.ActiveCfg = Release|Any CPU
		{D515AC48-7613-445E-A192-D79A1CA638FE}.Release|x86.Build.0 = Release|Any CPU
		{D744C35D-F35E-4F84-9C61-5703BD2A48FC}.Debug|x64.ActiveCfg = Debug|x64
		{D744C35D-F35E-4F84-9C61-5703BD2A48FC}.Debug|x64.Build.0 = Debug|x64
		{D744C35D-F35E-4F84-9C61-5703BD2A48FC}.Debug|x86.ActiveCfg = Debug|Any CPU
		{D744C35D-F35E-4F84-9C61-5703BD2A48FC}.Debug|x86.Build.0 = Debug|Any CPU
		{D744C35D-F35E-4F84-9C61-5703BD2A48FC}.Release|x64.ActiveCfg = Release|x64
		{D744C35D-F35E-4F84-9C61-5703BD2A48FC}.Release|x64.Build.0 = Release|x64
		{D744C35D-F35E-4F84-9C61-5703BD2A48FC}.Release|x86.ActiveCfg = Release|Any CPU
		{D744C35D-F35E-4F84-9C61-5703BD2A48FC}.Release|x86.Build.0 = Release|Any CPU
	EndGlobalSection
	GlobalSection(SolutionProperties) = preSolution
		HideSolutionNode = FALSE
	EndGlobalSection
	GlobalSection(NestedProjects) = preSolution
		{F210BBD4-65BF-4EDA-B087-B601A259DA7D} = {D1FA2E7F-4635-4AAE-B5C7-81B6C44C9F02}
		{2825E205-7588-482F-8C84-7D1A3A33E58A} = {9AE12052-2D12-456D-AFD3-9CE77E4DC6A7}
		{D515AC48-7613-445E-A192-D79A1CA638FE} = {D1FA2E7F-4635-4AAE-B5C7-81B6C44C9F02}
		{D744C35D-F35E-4F84-9C61-5703BD2A48FC} = {9AE12052-2D12-456D-AFD3-9CE77E4DC6A7}
	EndGlobalSection
	GlobalSection(ExtensibilityGlobals) = postSolution
		SolutionGuid = {7566EAA4-435C-4795-BB55-54BA364D0419}
	EndGlobalSection
EndGlobal
